lockfileVersion: 5.3

specifiers:
  fs-extra: ^10.0.0
  mrm-core: ^6.1.7

dependencies:
  fs-extra: 10.0.0
  mrm-core: 6.1.7

packages:

  /ansi-regex/2.1.1:
    resolution: {integrity: sha1-w7M6te42DYbg5ijwRorn7yfWVN8=}
    engines: {node: '>=0.10.0'}
    dev: false

  /ansi-styles/2.2.1:
    resolution: {integrity: sha1-tDLdM1i2NM914eRmQ2gkBTPB3b4=}
    engines: {node: '>=0.10.0'}
    dev: false

  /babel-code-frame/6.26.0:
    resolution: {integrity: sha1-Y/1D99weO7fONZR9uP42mj9Yx0s=}
    dependencies:
      chalk: 1.1.3
      esutils: 2.0.3
      js-tokens: 3.0.2
    dev: false

  /balanced-match/1.0.2:
    resolution: {integrity: sha512-3oSeUO0TMV67hN1AmbXsK4yaqU7tjiHlbxRDZOpH0KW9+CeX4bRAaX0Anxt0tx2MrpRpWwQaPwIlISEJhYU5Pw==}
    dev: false

  /builtins/1.0.3:
    resolution: {integrity: sha1-y5T662HIaWRR2zZTThQi+U8K7og=}
    dev: false

  /chalk/1.1.3:
    resolution: {integrity: sha1-qBFcVeSnAv5NFQq9OHKCKn4J/Jg=}
    engines: {node: '>=0.10.0'}
    dependencies:
      ansi-styles: 2.2.1
      escape-string-regexp: 1.0.5
      has-ansi: 2.0.0
      strip-ansi: 3.0.1
      supports-color: 2.0.0
    dev: false

  /commander/2.20.3:
    resolution: {integrity: sha512-GpVkmM8vF2vQUkj2LvZmD35JxeJOLCwJ9cUkugyk2nuhbv3+mJvpLYYt+0+USMxE+oj+ey/lJEnhZw75x/OMcQ==}
    dev: false

  /comment-json/2.4.2:
    resolution: {integrity: sha512-T+iXox779qsqneMYx/x5BZyz4xjCeQRmuNVzz8tko7qZUs3MlzpA3RAs+O1XsgcKToNBMIvfVzafGOeiU7RggA==}
    engines: {node: '>= 6'}
    dependencies:
      core-util-is: 1.0.3
      esprima: 4.0.1
      has-own-prop: 2.0.0
      repeat-string: 1.6.1
    dev: false

  /core-util-is/1.0.3:
    resolution: {integrity: sha512-ZQBvi1DcpJ4GDqanjucZ2Hj3wEO5pZDS89BWbkcrvdxksJorwUDDZamX9ldFkp9aw2lmBDLgkObEA4DWNJ9FYQ==}
    dev: false

  /deep-extend/0.6.0:
    resolution: {integrity: sha512-LOHxIOaPYdHlJRtCQfDIVZtfw/ufM8+rVj649RIHzcm/vGwQRXFt6OPqIFWsm2XEMrNIEtWR64sY1LEKD2vAOA==}
    engines: {node: '>=4.0.0'}
    dev: false

  /detect-indent/6.1.0:
    resolution: {integrity: sha512-reYkTUJAZb9gUuZ2RvVCNhVHdg62RHnJ7WJl8ftMi4diZ6NWlciOzQN88pUhSELEwflJht4oQDv0F0BMlwaYtA==}
    engines: {node: '>=8'}
    dev: false

  /editorconfig/0.15.3:
    resolution: {integrity: sha512-M9wIMFx96vq0R4F+gRpY3o2exzb8hEj/n9S8unZtHSvYjibBp/iMufSzvmOcV/laG0ZtuTVGtiJggPOSW2r93g==}
    hasBin: true
    dependencies:
      commander: 2.20.3
      lru-cache: 4.1.5
      semver: 5.7.1
      sigmund: 1.0.1
    dev: false

  /escape-string-regexp/1.0.5:
    resolution: {integrity: sha1-G2HAViGQqN/2rjuyzwIAyhMLhtQ=}
    engines: {node: '>=0.8.0'}
    dev: false

  /esprima/4.0.1:
    resolution: {integrity: sha512-eGuFFw7Upda+g4p+QHvnW0RyTX/SVeJBDM/gCtMARO0cLuT2HcEKnTPvhjV6aGeqrCB/sbNop0Kszm0jsaWU4A==}
    engines: {node: '>=4'}
    hasBin: true
    dev: false

  /esutils/2.0.3:
    resolution: {integrity: sha512-kVscqXk4OCp68SZ0dkgEKVi6/8ij300KBWTJq32P/dYeWTSwK41WyTxalN1eRmA5Z9UU/LX9D7FWSmV9SAYx6g==}
    engines: {node: '>=0.10.0'}
    dev: false

  /extend/3.0.2:
    resolution: {integrity: sha512-fjquC59cD7CyW6urNXK0FBufkZcoiGG80wTuPujX590cB5Ttln20E2UB4S/WARVqhXffZl2LNgS+gQdPIIim/g==}
    dev: false

  /find-up/4.1.0:
    resolution: {integrity: sha512-PpOwAdQ/YlXQ2vj8a3h8IipDuYRi3wceVQQGYWxNINccq40Anw7BlsEXCMbt1Zt+OLA6Fq9suIpIWD0OsnISlw==}
    engines: {node: '>=8'}
    dependencies:
      locate-path: 5.0.0
      path-exists: 4.0.0
    dev: false

  /fs-extra/10.0.0:
    resolution: {integrity: sha512-C5owb14u9eJwizKGdchcDUQeFtlSHHthBk8pbX9Vc1PFZrLombudjDnNns88aYslCyF6IY5SUw3Roz6xShcEIQ==}
    engines: {node: '>=12'}
    dependencies:
      graceful-fs: 4.2.8
      jsonfile: 6.1.0
      universalify: 2.0.0
    dev: false

  /fs-extra/8.1.0:
    resolution: {integrity: sha512-yhlQgA6mnOJUKOsRUFsgJdQCvkKhcz8tlZG5HBQfReYZy46OwLcY+Zia0mtdHsOo9y/hP+CxMN0TU9QxoOtG4g==}
    engines: {node: '>=6 <7 || >=8'}
    dependencies:
      graceful-fs: 4.2.8
      jsonfile: 4.0.0
      universalify: 0.1.2
    dev: false

  /graceful-fs/4.2.8:
    resolution: {integrity: sha512-qkIilPUYcNhJpd33n0GBXTB1MMPp14TxEsEs0pTrsSVucApsYzW5V+Q8Qxhik6KU3evy+qkAAowTByymK0avdg==}
    dev: false

  /has-ansi/2.0.0:
    resolution: {integrity: sha1-NPUEnOHs3ysGSa8+8k5F7TVBbZE=}
    engines: {node: '>=0.10.0'}
    dependencies:
      ansi-regex: 2.1.1
    dev: false

  /has-own-prop/2.0.0:
    resolution: {integrity: sha512-Pq0h+hvsVm6dDEa8x82GnLSYHOzNDt7f0ddFa3FqcQlgzEiptPqL+XrOJNavjOzSYiYWIrgeVYYgGlLmnxwilQ==}
    engines: {node: '>=8'}
    dev: false

  /ini/1.3.8:
    resolution: {integrity: sha512-JV/yugV2uzW5iMRSiZAyDtQd+nxtUnjeLt0acNdw98kKLrvuRVyB80tsREOE7yvGVgalhZ6RNXCmEHkUKBKxew==}
    dev: false

  /js-tokens/3.0.2:
    resolution: {integrity: sha1-mGbfOVECEw449/mWvOtlRDIJwls=}
    dev: false

  /jsonfile/4.0.0:
    resolution: {integrity: sha1-h3Gq4HmbZAdrdmQPygWPnBDjPss=}
    optionalDependencies:
      graceful-fs: 4.2.8
    dev: false

  /jsonfile/6.1.0:
    resolution: {integrity: sha512-5dgndWOriYSm5cnYaJNhalLNDKOqFwyDB/rr1E9ZsGciGvKPs8R2xYGCacuf3z6K1YKDz182fd+fY3cn3pMqXQ==}
    dependencies:
      universalify: 2.0.0
    optionalDependencies:
      graceful-fs: 4.2.8
    dev: false

  /kleur/3.0.3:
    resolution: {integrity: sha512-eTIzlVOSUR+JxdDFepEYcBMtZ9Qqdef+rnzWdRZuMbOywu5tO2w2N7rqjoANZ5k9vywhL6Br1VRjUIgTQx4E8w==}
    engines: {node: '>=6'}
    dev: false

  /listify/1.0.3:
    resolution: {integrity: sha512-083swF7iH7bx8666zdzBColpgEuy46HjN3r1isD4zV6Ix7FuHfb/2/WVnl4CH8hjuoWeFF7P5KkKNXUnJCFEJg==}
    engines: {node: '>= 0.4'}
    dev: false

  /locate-path/5.0.0:
    resolution: {integrity: sha512-t7hw9pI+WvuwNJXwk5zVHpyhIqzg2qTlklJOf0mVxGSbe3Fp2VieZcduNYjaLDoy6p9uGpQEGWG87WpMKlNq8g==}
    engines: {node: '>=8'}
    dependencies:
      p-locate: 4.1.0
    dev: false

  /lodash/4.17.21:
    resolution: {integrity: sha512-v2kDEe57lecTulaDIuNTPy3Ry4gLGJ6Z1O3vE1krgXZNrsQ+LFTGHVxVjcXPs17LhbZVGedAJv8XZ1tvj5FvSg==}
    dev: false

  /lru-cache/4.1.5:
    resolution: {integrity: sha512-sWZlbEP2OsHNkXrMl5GYk/jKk70MBng6UU4YI/qGDYbgf6YbP4EvmqISbXCoJiRKs+1bSpFHVgQxvJ17F2li5g==}
    dependencies:
      pseudomap: 1.0.2
      yallist: 2.1.2
    dev: false

  /minimist/1.2.5:
    resolution: {integrity: sha512-FM9nNUYrRBAELZQT3xeZQ7fmMOBg6nWNmJKTcgsJeaLstP/UODVpGsr5OhXhhXg6f+qtJ8uiZ+PUxkDWcgIXLw==}
    dev: false

  /mrm-core/6.1.7:
    resolution: {integrity: sha512-jLGWrkupcgGIsLerrI/xmM/dFHbaoehRsuVbgYBrxYKXNMRBHN3Mgkd8cw+/ZCCoiZEXF8/SaZol0GCp6oBQ9g==}
    engines: {node: '>=10.13'}
    dependencies:
      babel-code-frame: 6.26.0
      comment-json: 2.4.2
      detect-indent: 6.1.0
      editorconfig: 0.15.3
      find-up: 4.1.0
      fs-extra: 8.1.0
      kleur: 3.0.3
      listify: 1.0.3
      lodash: 4.17.21
      minimist: 1.2.5
      prop-ini: 0.0.2
      rc: 1.2.8
      readme-badger: 0.3.0
      semver: 6.3.0
      smpltmpl: 1.0.2
      split-lines: 2.1.0
      strip-bom: 4.0.0
      validate-npm-package-name: 3.0.0
      webpack-merge: 4.2.2
      yaml: 2.0.0-9
    dev: false

  /p-limit/2.3.0:
    resolution: {integrity: sha512-//88mFWSJx8lxCzwdAABTJL2MyWB12+eIY7MDL2SqLmAkeKU9qxRvWuSyTjm3FUmpBEMuFfckAIqEaVGUDxb6w==}
    engines: {node: '>=6'}
    dependencies:
      p-try: 2.2.0
    dev: false

  /p-locate/4.1.0:
    resolution: {integrity: sha512-R79ZZ/0wAxKGu3oYMlz8jy/kbhsNrS7SKZ7PxEHBgJ5+F2mtFW2fK2cOtBh1cHYkQsbzFV7I+EoRKe6Yt0oK7A==}
    engines: {node: '>=8'}
    dependencies:
      p-limit: 2.3.0
    dev: false

  /p-try/2.2.0:
    resolution: {integrity: sha512-R4nPAVTAU0B9D35/Gk3uJf/7XYbQcyohSKdvAxIRSNghFl4e71hVoGnBNQz9cWaXxO2I10KTC+3jMdvvoKw6dQ==}
    engines: {node: '>=6'}
    dev: false

  /path-exists/4.0.0:
    resolution: {integrity: sha512-ak9Qy5Q7jYb2Wwcey5Fpvg2KoAc/ZIhLSLOSBmRmygPsGwkVVt0fZa0qrtMz+m6tJTAHfZQ8FnmB4MG4LWy7/w==}
    engines: {node: '>=8'}
    dev: false

  /prop-ini/0.0.2:
    resolution: {integrity: sha1-ZzOny1JCrKsr5C5gdYPYEksXKls=}
    dependencies:
      extend: 3.0.2
    dev: false

  /pseudomap/1.0.2:
    resolution: {integrity: sha1-8FKijacOYYkX7wqKw0wa5aaChrM=}
    dev: false

  /rc/1.2.8:
    resolution: {integrity: sha512-y3bGgqKj3QBdxLbLkomlohkvsA8gdAiUQlSBJnBhfn+BPxg4bc62d8TcBW15wavDfgexCgccckhcZvywyQYPOw==}
    hasBin: true
    dependencies:
      deep-extend: 0.6.0
      ini: 1.3.8
      minimist: 1.2.5
      strip-json-comments: 2.0.1
    dev: false

  /readme-badger/0.3.0:
    resolution: {integrity: sha512-+sMOLSs1imZUISZ2Rhz7qqVd77QtpcAPbGeIraFdgJmijb04YtdlPjGNBvDChTNtLbeQ6JNGQy3pOgslWfaP3g==}
    dependencies:
      balanced-match: 1.0.2
    dev: false

  /repeat-string/1.6.1:
    resolution: {integrity: sha1-jcrkcOHIirwtYA//Sndihtp15jc=}
    engines: {node: '>=0.10'}
    dev: false

  /semver/5.7.1:
    resolution: {integrity: sha512-sauaDf/PZdVgrLTNYHRtpXa1iRiKcaebiKQ1BJdpQlWH2lCvexQdX55snPFyK7QzpudqbCI0qXFfOasHdyNDGQ==}
    hasBin: true
    dev: false

  /semver/6.3.0:
    resolution: {integrity: sha512-b39TBaTSfV6yBrapU89p5fKekE2m/NwnDocOVruQFS1/veMgdzuPcnOM34M6CwxW8jH/lxEa5rBoDeUwu5HHTw==}
    hasBin: true
    dev: false

  /sigmund/1.0.1:
    resolution: {integrity: sha1-P/IfGYytIXX587eBhT/ZTQ0ZtZA=}
    dev: false

  /smpltmpl/1.0.2:
    resolution: {integrity: sha512-Hq23NNgeZigOzIiX1dkb6W3gFn2/XQj43KhPxu65IMieG/gIwf/lQb1IudjYv0c/5LwJeS/mPayYzyo+8WJMxQ==}
    engines: {node: '>=4'}
    dependencies:
      babel-code-frame: 6.26.0
    dev: false

  /split-lines/2.1.0:
    resolution: {integrity: sha512-8dv+1zKgTpfTkOy8XZLFyWrfxO0NV/bj/3EaQ+hBrBxGv2DwiroljPjU8NlCr+59nLnsVm9WYT7lXKwe4TC6bw==}
    engines: {node: '>=6'}
    dev: false

  /strip-ansi/3.0.1:
    resolution: {integrity: sha1-ajhfuIU9lS1f8F0Oiq+UJ43GPc8=}
    engines: {node: '>=0.10.0'}
    dependencies:
      ansi-regex: 2.1.1
    dev: false

  /strip-bom/4.0.0:
    resolution: {integrity: sha512-3xurFv5tEgii33Zi8Jtp55wEIILR9eh34FAW00PZf+JnSsTmV/ioewSgQl97JHvgjoRGwPShsWm+IdrxB35d0w==}
    engines: {node: '>=8'}
    dev: false

  /strip-json-comments/2.0.1:
    resolution: {integrity: sha1-PFMZQukIwml8DsNEhYwobHygpgo=}
    engines: {node: '>=0.10.0'}
    dev: false

  /supports-color/2.0.0:
    resolution: {integrity: sha1-U10EXOa2Nj+kARcIRimZXp3zJMc=}
    engines: {node: '>=0.8.0'}
    dev: false

  /universalify/0.1.2:
    resolution: {integrity: sha512-rBJeI5CXAlmy1pV+617WB9J63U6XcazHHF2f2dbJix4XzpUF0RS3Zbj0FGIOCAva5P/d/GBOYaACQ1w+0azUkg==}
    engines: {node: '>= 4.0.0'}
    dev: false

  /universalify/2.0.0:
    resolution: {integrity: sha512-hAZsKq7Yy11Zu1DE0OzWjw7nnLZmJZYTDZZyEFHZdUhV8FkH5MCfoU1XMaxXovpyW5nq5scPqq0ZDP9Zyl04oQ==}
    engines: {node: '>= 10.0.0'}
    dev: false

  /validate-npm-package-name/3.0.0:
    resolution: {integrity: sha1-X6kS2B630MdK/BQN5zF/DKffQ34=}
    dependencies:
      builtins: 1.0.3
    dev: false

  /webpack-merge/4.2.2:
    resolution: {integrity: sha512-TUE1UGoTX2Cd42j3krGYqObZbOD+xF7u28WB7tfUordytSjbWTIjK/8V0amkBfTYN4/pB/GIDlJZZ657BGG19g==}
    dependencies:
      lodash: 4.17.21
    dev: false

  /yallist/2.1.2:
    resolution: {integrity: sha1-HBH5IY8HYImkfdUS+TxmmaaoHVI=}
    dev: false

  /yaml/2.0.0-9:
    resolution: {integrity: sha512-Bf2KowHjyVkIIiGMt7+fbhmlvKOaE8DWuD07bnL4+FQ9sPmEl/5IzGpBpoxPqOaHuyasBjJhyXDcISpJWfhCGw==}
    engines: {node: '>= 12'}
    dev: false
